
Microsoft Visual Studio Solution File, Format Version 12.00
# Visual Studio Version 17
VisualStudioVersion = 17.9.34728.123
MinimumVisualStudioVersion = 10.0.40219.1
Project("{9A19103F-16F7-4668-BE54-9A1E7A4F7556}") = "RandomGenerator", "RandomGenerator.csproj", "{0B1208E9-C9B6-49C3-9EDB-C6029F460238}"
EndProject
Global
	GlobalSection(SolutionConfigurationPlatforms) = preSolution
		Debug|Any CPU = Debug|Any CPU
		Release|Any CPU = Release|Any CPU
	EndGlobalSection
	GlobalSection(ProjectConfigurationPlatforms) = postSolution
		{0B1208E9-C9B6-49C3-9EDB-C6029F460238}.Debug|Any CPU.ActiveCfg = Debug|Any CPU
		{0B1208E9-C9B6-49C3-9EDB-C6029F460238}.Debug|Any CPU.Build.0 = Debug|Any CPU
		{0B1208E9-C9B6-49C3-9EDB-C6029F460238}.Release|Any CPU.ActiveCfg = Release|Any CPU
		{0B1208E9-C9B6-49C3-9EDB-C6029F460238}.Release|Any CPU.Build.0 = Release|Any CPU
	EndGlobalSection
	GlobalSection(SolutionProperties) = preSolution
		HideSolutionNode = FALSE
	EndGlobalSection
	GlobalSection(ExtensibilityGlobals) = postSolution
		SolutionGuid = {4E15AFC6-BB37-4F5E-A658-7690A851EB30}
	EndGlobalSection
EndGlobal
